
Microsoft Visual Studio Solution File, Format Version 12.00
# Visual Studio Version 16
VisualStudioVersion = 16.0.28803.202
MinimumVisualStudioVersion = 10.0.40219.1
Project("{8BC9CEB8-8B4A-11D0-8D11-00A0C91BC942}") = "bestPaid", "bestPaid\bestPaid.vcxproj", "{5DE1A202-42C7-4D40-97FC-B6407BF209C9}"
EndProject
Global
	GlobalSection(SolutionConfigurationPlatforms) = preSolution
		Debug|x64 = Debug|x64
		Debug|x86 = Debug|x86
		Release|x64 = Release|x64
		Release|x86 = Release|x86
	EndGlobalSection
	GlobalSection(ProjectConfigurationPlatforms) = postSolution
		{5DE1A202-42C7-4D40-97FC-B6407BF209C9}.Debug|x64.ActiveCfg = Debug|x64
		{5DE1A202-42C7-4D40-97FC-B6407BF209C9}.Debug|x64.Build.0 = Debug|x64
		{5DE1A202-42C7-4D40-97FC-B6407BF209C9}.Debug|x86.ActiveCfg = Debug|Win32
		{5DE1A202-42C7-4D40-97FC-B6407BF209C9}.Debug|x86.Build.0 = Debug|Win32
		{5DE1A202-42C7-4D40-97FC-B6407BF209C9}.Release|x64.ActiveCfg = Release|x64
		{5DE1A202-42C7-4D40-97FC-B6407BF209C9}.Release|x64.Build.0 = Release|x64
		{5DE1A202-42C7-4D40-97FC-B6407BF209C9}.Release|x86.ActiveCfg = Release|Win32
		{5DE1A202-42C7-4D40-97FC-B6407BF209C9}.Release|x86.Build.0 = Release|Win32
	EndGlobalSection
	GlobalSection(SolutionProperties) = preSolution
		HideSolutionNode = FALSE
	EndGlobalSection
	GlobalSection(ExtensibilityGlobals) = postSolution
		SolutionGuid = {6FF2E13A-E3CA-4D96-8200-A5663F9F5487}
	EndGlobalSection
EndGlobal
