
Microsoft Visual Studio Solution File, Format Version 12.00
# Visual Studio Version 16
VisualStudioVersion = 16.0.28803.202
MinimumVisualStudioVersion = 10.0.40219.1
Project("{8BC9CEB8-8B4A-11D0-8D11-00A0C91BC942}") = "findBestPaid2", "findBestPaid2\findBestPaid2.vcxproj", "{F41B97B3-D7B6-4D45-A164-DE37ACD10504}"
EndProject
Global
	GlobalSection(SolutionConfigurationPlatforms) = preSolution
		Debug|x64 = Debug|x64
		Debug|x86 = Debug|x86
		Release|x64 = Release|x64
		Release|x86 = Release|x86
	EndGlobalSection
	GlobalSection(ProjectConfigurationPlatforms) = postSolution
		{F41B97B3-D7B6-4D45-A164-DE37ACD10504}.Debug|x64.ActiveCfg = Debug|x64
		{F41B97B3-D7B6-4D45-A164-DE37ACD10504}.Debug|x64.Build.0 = Debug|x64
		{F41B97B3-D7B6-4D45-A164-DE37ACD10504}.Debug|x86.ActiveCfg = Debug|Win32
		{F41B97B3-D7B6-4D45-A164-DE37ACD10504}.Debug|x86.Build.0 = Debug|Win32
		{F41B97B3-D7B6-4D45-A164-DE37ACD10504}.Release|x64.ActiveCfg = Release|x64
		{F41B97B3-D7B6-4D45-A164-DE37ACD10504}.Release|x64.Build.0 = Release|x64
		{F41B97B3-D7B6-4D45-A164-DE37ACD10504}.Release|x86.ActiveCfg = Release|Win32
		{F41B97B3-D7B6-4D45-A164-DE37ACD10504}.Release|x86.Build.0 = Release|Win32
	EndGlobalSection
	GlobalSection(SolutionProperties) = preSolution
		HideSolutionNode = FALSE
	EndGlobalSection
	GlobalSection(ExtensibilityGlobals) = postSolution
		SolutionGuid = {09EC8076-42AE-437C-AA65-3310E65D7172}
	EndGlobalSection
EndGlobal
